
Microsoft Visual Studio Solution File, Format Version 10.00
# Visual Studio 2008
Project("{2150E333-8FDC-42A3-9474-1A3956D46DE8}") = "Solution Items", "Solution Items", "{E2238D7E-D15C-42F3-BE68-03F1D817B09A}"
	ProjectSection(SolutionItems) = preProject
		history.txt = history.txt
		Learning_ODBC.txt = Learning_ODBC.txt
		License.txt = License.txt
		Oracle_odbc_bugs.txt = Oracle_odbc_bugs.txt
		Readme.txt = Readme.txt
		types_mapping.txt = types_mapping.txt
	EndProjectSection
EndProject
Project("{8BC9CEB8-8B4A-11D0-8D11-00A0C91BC942}") = "EDO", "EDO.vcproj", "{33CB138F-FAE3-43CA-980A-C0D8C8541257}"
EndProject
Project("{8BC9CEB8-8B4A-11D0-8D11-00A0C91BC942}") = "EDO_Setup", "EDO_Setup.vcproj", "{5E122CFA-76BF-480D-93F7-E35960DB2302}"
	ProjectSection(ProjectDependencies) = postProject
		{33CB138F-FAE3-43CA-980A-C0D8C8541257} = {33CB138F-FAE3-43CA-980A-C0D8C8541257}
	EndProjectSection
EndProject
Global
	GlobalSection(SolutionConfigurationPlatforms) = preSolution
		Debug|Win32 = Debug|Win32
		Debug|x64 = Debug|x64
		Release|Win32 = Release|Win32
		Release|x64 = Release|x64
	EndGlobalSection
	GlobalSection(ProjectConfigurationPlatforms) = postSolution
		{33CB138F-FAE3-43CA-980A-C0D8C8541257}.Debug|Win32.ActiveCfg = Debug|Win32
		{33CB138F-FAE3-43CA-980A-C0D8C8541257}.Debug|Win32.Build.0 = Debug|Win32
		{33CB138F-FAE3-43CA-980A-C0D8C8541257}.Debug|x64.ActiveCfg = Debug|x64
		{33CB138F-FAE3-43CA-980A-C0D8C8541257}.Debug|x64.Build.0 = Debug|x64
		{33CB138F-FAE3-43CA-980A-C0D8C8541257}.Release|Win32.ActiveCfg = Release|Win32
		{33CB138F-FAE3-43CA-980A-C0D8C8541257}.Release|Win32.Build.0 = Release|Win32
		{33CB138F-FAE3-43CA-980A-C0D8C8541257}.Release|x64.ActiveCfg = Release|x64
		{33CB138F-FAE3-43CA-980A-C0D8C8541257}.Release|x64.Build.0 = Release|x64
		{5E122CFA-76BF-480D-93F7-E35960DB2302}.Debug|Win32.ActiveCfg = Debug|Win32
		{5E122CFA-76BF-480D-93F7-E35960DB2302}.Debug|Win32.Build.0 = Debug|Win32
		{5E122CFA-76BF-480D-93F7-E35960DB2302}.Debug|x64.ActiveCfg = Debug|x64
		{5E122CFA-76BF-480D-93F7-E35960DB2302}.Debug|x64.Build.0 = Debug|x64
		{5E122CFA-76BF-480D-93F7-E35960DB2302}.Release|Win32.ActiveCfg = Release|Win32
		{5E122CFA-76BF-480D-93F7-E35960DB2302}.Release|Win32.Build.0 = Release|Win32
		{5E122CFA-76BF-480D-93F7-E35960DB2302}.Release|x64.ActiveCfg = Release|x64
		{5E122CFA-76BF-480D-93F7-E35960DB2302}.Release|x64.Build.0 = Release|x64
	EndGlobalSection
	GlobalSection(SolutionProperties) = preSolution
		HideSolutionNode = FALSE
	EndGlobalSection
EndGlobal
